
Microsoft Visual Studio Solution File, Format Version 10.00
# Visual Basic Express 2008
Project("{F184B08F-C81C-45F6-A57F-5ABD9991F28F}") = "atol", "atol\atol.vbproj", "{01C19A39-83B8-4187-8C1C-8A341DAA3DEB}"
EndProject
Global
	GlobalSection(SolutionConfigurationPlatforms) = preSolution
		Debug|Any CPU = Debug|Any CPU
		Release|Any CPU = Release|Any CPU
	EndGlobalSection
	GlobalSection(ProjectConfigurationPlatforms) = postSolution
		{01C19A39-83B8-4187-8C1C-8A341DAA3DEB}.Debug|Any CPU.ActiveCfg = Debug|Any CPU
		{01C19A39-83B8-4187-8C1C-8A341DAA3DEB}.Debug|Any CPU.Build.0 = Debug|Any CPU
		{01C19A39-83B8-4187-8C1C-8A341DAA3DEB}.Release|Any CPU.ActiveCfg = Release|Any CPU
		{01C19A39-83B8-4187-8C1C-8A341DAA3DEB}.Release|Any CPU.Build.0 = Release|Any CPU
	EndGlobalSection
	GlobalSection(SolutionProperties) = preSolution
		HideSolutionNode = FALSE
	EndGlobalSection
EndGlobal
